
Microsoft Visual Studio Solution File, Format Version 12.00
# Visual Studio Version 17
VisualStudioVersion = 17.3.32819.101
MinimumVisualStudioVersion = 10.0.40219.1
Project("{FAE04EC0-301F-11D3-BF4B-00C04F79EFBC}") = "ParkingAPI", "ParkingAPI\ParkingAPI.csproj", "{DDEDC4D7-7EDA-49AD-BF90-B2F47406E2E7}"
EndProject
Global
	GlobalSection(SolutionConfigurationPlatforms) = preSolution
		Debug|Any CPU = Debug|Any CPU
		Release|Any CPU = Release|Any CPU
	EndGlobalSection
	GlobalSection(ProjectConfigurationPlatforms) = postSolution
		{DDEDC4D7-7EDA-49AD-BF90-B2F47406E2E7}.Debug|Any CPU.ActiveCfg = Debug|Any CPU
		{DDEDC4D7-7EDA-49AD-BF90-B2F47406E2E7}.Debug|Any CPU.Build.0 = Debug|Any CPU
		{DDEDC4D7-7EDA-49AD-BF90-B2F47406E2E7}.Release|Any CPU.ActiveCfg = Release|Any CPU
		{DDEDC4D7-7EDA-49AD-BF90-B2F47406E2E7}.Release|Any CPU.Build.0 = Release|Any CPU
	EndGlobalSection
	GlobalSection(SolutionProperties) = preSolution
		HideSolutionNode = FALSE
	EndGlobalSection
	GlobalSection(ExtensibilityGlobals) = postSolution
		SolutionGuid = {F4E500E0-E6A2-4F6A-902E-F045E6614EDA}
	EndGlobalSection
EndGlobal
